PATH
  remote: .
  specs:
    fontist (2.0.0)
      down (~> 5.0)
      excavate (~> 0.3, >= 0.3.4)
      extract_ttc (~> 0.1)
      fuzzy_match (~> 2.1)
      git (~> 1.0)
      json (~> 2.0)
      lutaml-model (~> 0.7)
      mime-types (~> 3.0)
      nokogiri (~> 1.0)
      plist (~> 3.0)
      socksify (~> 1.7)
      sys-uname (~> 1.2)
      thor (~> 1.2, >= 1.2.1)
      ttfunk (~> 1.6)

GEM
  remote: https://rubygems.org/
  specs:
    activesupport (8.1.1)
      base64
      bigdecimal
      concurrent-ruby (~> 1.0, >= 1.3.1)
      connection_pool (>= 2.2.5)
      drb
      i18n (>= 1.6, < 2)
      json
      logger (>= 1.4.2)
      minitest (>= 5.1)
      securerandom (>= 0.3)
      tzinfo (~> 2.0, >= 2.0.5)
      uri (>= 0.13.1)
    addressable (2.8.7)
      public_suffix (>= 2.0.2, < 7.0)
    arr-pm (0.0.12)
    ast (2.4.3)
    base64 (0.3.0)
    benchmark-malloc (0.2.0)
    benchmark-perf (0.6.0)
    benchmark-trend (0.4.0)
    bigdecimal (3.3.1)
    coderay (1.1.3)
    concurrent-ruby (1.3.5)
    connection_pool (2.5.4)
    crack (1.0.1)
      bigdecimal
      rexml
    diff-lcs (1.6.2)
    down (5.4.2)
      addressable (~> 2.8)
    drb (2.2.3)
    excavate (0.3.7)
      arr-pm (~> 0.0)
      bundler (~> 2.3, >= 2.3.24)
      ffi-compiler2 (>= 2.2.2)
      ffi-libarchive-binary (~> 0.3)
      libmspack (~> 0.1)
      ruby-ole (~> 1.0)
      rubyzip (~> 2.3)
      seven-zip (~> 1.4)
      thor (~> 1.0)
    extract_ttc (0.3.6-aarch64-linux)
      bundler (~> 2.3, >= 2.3.22)
      ffi (~> 1.0)
      rake (~> 13)
    extract_ttc (0.3.6-aarch64-linux-musl)
      bundler (~> 2.3, >= 2.3.22)
      ffi (~> 1.0)
      rake (~> 13)
    extract_ttc (0.3.6-arm64-darwin)
      bundler (~> 2.3, >= 2.3.22)
      ffi (~> 1.0)
      rake (~> 13)
    extract_ttc (0.3.6-x86_64-darwin)
      bundler (~> 2.3, >= 2.3.22)
      ffi (~> 1.0)
      rake (~> 13)
    extract_ttc (0.3.6-x86_64-linux)
      bundler (~> 2.3, >= 2.3.22)
      ffi (~> 1.0)
      rake (~> 13)
    extract_ttc (0.3.6-x86_64-linux-musl)
      bundler (~> 2.3, >= 2.3.22)
      ffi (~> 1.0)
      rake (~> 13)
    ffi (1.17.2-aarch64-linux-gnu)
    ffi (1.17.2-aarch64-linux-musl)
    ffi (1.17.2-arm64-darwin)
    ffi (1.17.2-x86_64-darwin)
    ffi (1.17.2-x86_64-linux-gnu)
    ffi (1.17.2-x86_64-linux-musl)
    ffi-compiler2 (2.3.0)
      ffi (>= 1.0.0)
      rake
    ffi-libarchive (1.1.14)
      ffi (~> 1.0)
    ffi-libarchive-binary (0.4.1-aarch64-linux)
      bundler (~> 2.3, >= 2.3.22)
      ffi (~> 1.0)
      ffi-libarchive (~> 1.0)
      rake (~> 13.0)
    ffi-libarchive-binary (0.4.1-arm64-darwin)
      bundler (~> 2.3, >= 2.3.22)
      ffi (~> 1.0)
      ffi-libarchive (~> 1.0)
      rake (~> 13.0)
    ffi-libarchive-binary (0.4.1-x86_64-darwin)
      bundler (~> 2.3, >= 2.3.22)
      ffi (~> 1.0)
      ffi-libarchive (~> 1.0)
      rake (~> 13.0)
    ffi-libarchive-binary (0.4.1-x86_64-linux)
      bundler (~> 2.3, >= 2.3.22)
      ffi (~> 1.0)
      ffi-libarchive (~> 1.0)
      rake (~> 13.0)
    fuzzy_match (2.1.0)
    git (1.19.1)
      addressable (~> 2.8)
      rchardet (~> 1.8)
    hashdiff (1.2.1)
    i18n (1.14.7)
      concurrent-ruby (~> 1.0)
    json (2.15.2)
    language_server-protocol (3.17.0.5)
    libmspack (0.11.0)
      ffi
      ffi-compiler2 (>= 2.0.0)
    lint_roller (1.1.0)
    logger (1.7.0)
    lutaml-model (0.7.7)
      moxml (>= 0.1.2)
      thor
    memoist3 (1.0.0)
    method_source (1.1.0)
    mime-types (3.7.0)
      logger
      mime-types-data (~> 3.2025, >= 3.2025.0507)
    mime-types-data (3.2025.0924)
    minitest (5.26.0)
    moxml (0.1.7)
    nokogiri (1.18.10-aarch64-linux-gnu)
      racc (~> 1.4)
    nokogiri (1.18.10-aarch64-linux-musl)
      racc (~> 1.4)
    nokogiri (1.18.10-arm64-darwin)
      racc (~> 1.4)
    nokogiri (1.18.10-x86_64-darwin)
      racc (~> 1.4)
    nokogiri (1.18.10-x86_64-linux-gnu)
      racc (~> 1.4)
    nokogiri (1.18.10-x86_64-linux-musl)
      racc (~> 1.4)
    parallel (1.27.0)
    parser (3.3.10.0)
      ast (~> 2.4.1)
      racc
    plist (3.7.2)
    prism (1.6.0)
    pry (0.15.2)
      coderay (~> 1.1)
      method_source (~> 1.0)
    public_suffix (6.0.2)
    racc (1.8.1)
    rack (3.2.4)
    rainbow (3.1.1)
    rake (13.3.1)
    rchardet (1.10.0)
    regexp_parser (2.11.3)
    rexml (3.4.4)
    rspec (3.13.2)
      rspec-core (~> 3.13.0)
      rspec-expectations (~> 3.13.0)
      rspec-mocks (~> 3.13.0)
    rspec-benchmark (0.6.0)
      benchmark-malloc (~> 0.2)
      benchmark-perf (~> 0.6)
      benchmark-trend (~> 0.4)
      rspec (>= 3.0)
    rspec-core (3.13.6)
      rspec-support (~> 3.13.0)
    rspec-expectations (3.13.5)
      diff-lcs (>= 1.2.0, < 2.0)
      rspec-support (~> 3.13.0)
    rspec-mocks (3.13.7)
      diff-lcs (>= 1.2.0, < 2.0)
      rspec-support (~> 3.13.0)
    rspec-support (3.13.6)
    rubocop (1.81.7)
      json (~> 2.3)
      language_server-protocol (~> 3.17.0.2)
      lint_roller (~> 1.1.0)
      parallel (~> 1.10)
      parser (>= 3.3.0.2)
      rainbow (>= 2.2.2, < 4.0)
      regexp_parser (>= 2.9.3, < 3.0)
      rubocop-ast (>= 1.47.1, < 2.0)
      ruby-progressbar (~> 1.7)
      unicode-display_width (>= 2.4.0, < 4.0)
    rubocop-ast (1.47.1)
      parser (>= 3.3.7.2)
      prism (~> 1.4)
    rubocop-performance (1.26.1)
      lint_roller (~> 1.1)
      rubocop (>= 1.75.0, < 2.0)
      rubocop-ast (>= 1.47.1, < 2.0)
    rubocop-rails (2.33.4)
      activesupport (>= 4.2.0)
      lint_roller (~> 1.1)
      rack (>= 1.1)
      rubocop (>= 1.75.0, < 2.0)
      rubocop-ast (>= 1.44.0, < 2.0)
    ruby-ole (1.2.13.1)
    ruby-progressbar (1.13.0)
    rubyzip (2.4.1)
    securerandom (0.4.1)
    seven-zip (1.4.2)
    socksify (1.8.1)
    sys-uname (1.4.1)
      ffi (~> 1.1)
      memoist3 (~> 1.0.0)
    thor (1.4.0)
    ttfunk (1.8.0)
      bigdecimal (~> 3.1)
    tzinfo (2.0.6)
      concurrent-ruby (~> 1.0)
    unicode-display_width (3.2.0)
      unicode-emoji (~> 4.1)
    unicode-emoji (4.1.0)
    uri (1.1.1)
    vcr (6.3.1)
      base64
    webmock (3.26.1)
      addressable (>= 2.8.0)
      crack (>= 0.3.2)
      hashdiff (>= 0.4.0, < 2.0.0)

PLATFORMS
  aarch64-linux
  aarch64-linux-gnu
  aarch64-linux-musl
  arm64-darwin
  x86_64-darwin
  x86_64-linux
  x86_64-linux-musl

DEPENDENCIES
  bundler
  fontist!
  pry
  rake
  rspec
  rspec-benchmark
  rubocop
  rubocop-performance
  rubocop-rails
  vcr
  webmock

BUNDLED WITH
   2.7.2
